
Microsoft Visual Studio Solution File, Format Version 12.00
# Visual Studio Version 16
VisualStudioVersion = 16.0.31424.327
MinimumVisualStudioVersion = 10.0.40219.1
Project("{FAE04EC0-301F-11D3-BF4B-00C04F79EFBC}") = "TravelWithMe", "TravelWithMe\TravelWithMe.csproj", "{E98DB09A-3FF0-4B7B-859D-E848A623AAB9}"
EndProject
Global
	GlobalSection(SolutionConfigurationPlatforms) = preSolution
		Debug|Any CPU = Debug|Any CPU
		Release|Any CPU = Release|Any CPU
	EndGlobalSection
	GlobalSection(ProjectConfigurationPlatforms) = postSolution
		{E98DB09A-3FF0-4B7B-859D-E848A623AAB9}.Debug|Any CPU.ActiveCfg = Debug|Any CPU
		{E98DB09A-3FF0-4B7B-859D-E848A623AAB9}.Debug|Any CPU.Build.0 = Debug|Any CPU
		{E98DB09A-3FF0-4B7B-859D-E848A623AAB9}.Release|Any CPU.ActiveCfg = Release|Any CPU
		{E98DB09A-3FF0-4B7B-859D-E848A623AAB9}.Release|Any CPU.Build.0 = Release|Any CPU
	EndGlobalSection
	GlobalSection(SolutionProperties) = preSolution
		HideSolutionNode = FALSE
	EndGlobalSection
	GlobalSection(ExtensibilityGlobals) = postSolution
		SolutionGuid = {97DD4B5A-5EE6-4BD7-A070-632665732D50}
	EndGlobalSection
EndGlobal
